
Microsoft Visual Studio Solution File, Format Version 12.00
# Visual Studio 2013
VisualStudioVersion = 12.0.40629.0
MinimumVisualStudioVersion = 10.0.40219.1
Project("{FAE04EC0-301F-11D3-BF4B-00C04F79EFBC}") = "ParseMKVInfo", "ParseMKVInfo\ParseMKVInfo.csproj", "{75231162-4F41-4256-92EC-B997AAFD2C55}"
EndProject
Project("{FAE04EC0-301F-11D3-BF4B-00C04F79EFBC}") = "TranscodeFLACtoAAC", "TranscodeFLACToAAC\TranscodeFLACtoAAC.csproj", "{FECC6EC5-B9C4-4341-AD90-167968EE3162}"
EndProject
Project("{FAE04EC0-301F-11D3-BF4B-00C04F79EFBC}") = "MKVInfoParser", "MKVInfoParser\MKVInfoParser.csproj", "{D56F18A6-8D2C-42F0-825D-76B1F0D795F0}"
EndProject
Project("{2150E333-8FDC-42A3-9474-1A3956D46DE8}") = "Solution files", "Solution files", "{46EB5FA1-4FB9-4D10-9EF5-1377E8644295}"
	ProjectSection(SolutionItems) = preProject
		README.md = README.md
	EndProjectSection
EndProject
Project("{2150E333-8FDC-42A3-9474-1A3956D46DE8}") = "Releases", "Releases", "{6EAE0D3B-F23D-4865-9BED-9138D5C37669}"
	ProjectSection(SolutionItems) = preProject
		Releases\v0.0.0.1.zip = Releases\v0.0.0.1.zip
		Releases\v0.0.0.2.zip = Releases\v0.0.0.2.zip
		Releases\v0.0.0.3.zip = Releases\v0.0.0.3.zip
	EndProjectSection
EndProject
Project("{FAE04EC0-301F-11D3-BF4B-00C04F79EFBC}") = "FlacFinder", "FlacFinder\FlacFinder.csproj", "{B4B048FB-D5DB-4EE7-889C-B37E23E4420E}"
EndProject
Project("{FAE04EC0-301F-11D3-BF4B-00C04F79EFBC}") = "DefaultTrackMover", "DefaultTrackMover\DefaultTrackMover.csproj", "{EFE107A7-7B23-4050-8E83-AFDA38624F86}"
EndProject
Global
	GlobalSection(SolutionConfigurationPlatforms) = preSolution
		Debug|Any CPU = Debug|Any CPU
		Debug|Mixed Platforms = Debug|Mixed Platforms
		Debug|x86 = Debug|x86
		Release|Any CPU = Release|Any CPU
		Release|Mixed Platforms = Release|Mixed Platforms
		Release|x86 = Release|x86
	EndGlobalSection
	GlobalSection(ProjectConfigurationPlatforms) = postSolution
		{75231162-4F41-4256-92EC-B997AAFD2C55}.Debug|Any CPU.ActiveCfg = Debug|x86
		{75231162-4F41-4256-92EC-B997AAFD2C55}.Debug|Mixed Platforms.ActiveCfg = Debug|x86
		{75231162-4F41-4256-92EC-B997AAFD2C55}.Debug|Mixed Platforms.Build.0 = Debug|x86
		{75231162-4F41-4256-92EC-B997AAFD2C55}.Debug|x86.ActiveCfg = Debug|x86
		{75231162-4F41-4256-92EC-B997AAFD2C55}.Debug|x86.Build.0 = Debug|x86
		{75231162-4F41-4256-92EC-B997AAFD2C55}.Release|Any CPU.ActiveCfg = Release|x86
		{75231162-4F41-4256-92EC-B997AAFD2C55}.Release|Mixed Platforms.ActiveCfg = Release|x86
		{75231162-4F41-4256-92EC-B997AAFD2C55}.Release|Mixed Platforms.Build.0 = Release|x86
		{75231162-4F41-4256-92EC-B997AAFD2C55}.Release|x86.ActiveCfg = Release|x86
		{75231162-4F41-4256-92EC-B997AAFD2C55}.Release|x86.Build.0 = Release|x86
		{FECC6EC5-B9C4-4341-AD90-167968EE3162}.Debug|Any CPU.ActiveCfg = Debug|x86
		{FECC6EC5-B9C4-4341-AD90-167968EE3162}.Debug|Mixed Platforms.ActiveCfg = Debug|x86
		{FECC6EC5-B9C4-4341-AD90-167968EE3162}.Debug|Mixed Platforms.Build.0 = Debug|x86
		{FECC6EC5-B9C4-4341-AD90-167968EE3162}.Debug|x86.ActiveCfg = Debug|x86
		{FECC6EC5-B9C4-4341-AD90-167968EE3162}.Debug|x86.Build.0 = Debug|x86
		{FECC6EC5-B9C4-4341-AD90-167968EE3162}.Release|Any CPU.ActiveCfg = Release|x86
		{FECC6EC5-B9C4-4341-AD90-167968EE3162}.Release|Mixed Platforms.ActiveCfg = Release|x86
		{FECC6EC5-B9C4-4341-AD90-167968EE3162}.Release|Mixed Platforms.Build.0 = Release|x86
		{FECC6EC5-B9C4-4341-AD90-167968EE3162}.Release|x86.ActiveCfg = Release|x86
		{FECC6EC5-B9C4-4341-AD90-167968EE3162}.Release|x86.Build.0 = Release|x86
		{D56F18A6-8D2C-42F0-825D-76B1F0D795F0}.Debug|Any CPU.ActiveCfg = Debug|Any CPU
		{D56F18A6-8D2C-42F0-825D-76B1F0D795F0}.Debug|Any CPU.Build.0 = Debug|Any CPU
		{D56F18A6-8D2C-42F0-825D-76B1F0D795F0}.Debug|Mixed Platforms.ActiveCfg = Debug|Any CPU
		{D56F18A6-8D2C-42F0-825D-76B1F0D795F0}.Debug|Mixed Platforms.Build.0 = Debug|Any CPU
		{D56F18A6-8D2C-42F0-825D-76B1F0D795F0}.Debug|x86.ActiveCfg = Debug|Any CPU
		{D56F18A6-8D2C-42F0-825D-76B1F0D795F0}.Release|Any CPU.ActiveCfg = Release|Any CPU
		{D56F18A6-8D2C-42F0-825D-76B1F0D795F0}.Release|Any CPU.Build.0 = Release|Any CPU
		{D56F18A6-8D2C-42F0-825D-76B1F0D795F0}.Release|Mixed Platforms.ActiveCfg = Release|Any CPU
		{D56F18A6-8D2C-42F0-825D-76B1F0D795F0}.Release|Mixed Platforms.Build.0 = Release|Any CPU
		{D56F18A6-8D2C-42F0-825D-76B1F0D795F0}.Release|x86.ActiveCfg = Release|Any CPU
		{B4B048FB-D5DB-4EE7-889C-B37E23E4420E}.Debug|Any CPU.ActiveCfg = Debug|x86
		{B4B048FB-D5DB-4EE7-889C-B37E23E4420E}.Debug|Mixed Platforms.ActiveCfg = Debug|x86
		{B4B048FB-D5DB-4EE7-889C-B37E23E4420E}.Debug|Mixed Platforms.Build.0 = Debug|x86
		{B4B048FB-D5DB-4EE7-889C-B37E23E4420E}.Debug|x86.ActiveCfg = Debug|x86
		{B4B048FB-D5DB-4EE7-889C-B37E23E4420E}.Debug|x86.Build.0 = Debug|x86
		{B4B048FB-D5DB-4EE7-889C-B37E23E4420E}.Release|Any CPU.ActiveCfg = Release|x86
		{B4B048FB-D5DB-4EE7-889C-B37E23E4420E}.Release|Mixed Platforms.ActiveCfg = Release|x86
		{B4B048FB-D5DB-4EE7-889C-B37E23E4420E}.Release|Mixed Platforms.Build.0 = Release|x86
		{B4B048FB-D5DB-4EE7-889C-B37E23E4420E}.Release|x86.ActiveCfg = Release|x86
		{B4B048FB-D5DB-4EE7-889C-B37E23E4420E}.Release|x86.Build.0 = Release|x86
		{EFE107A7-7B23-4050-8E83-AFDA38624F86}.Debug|Any CPU.ActiveCfg = Debug|Any CPU
		{EFE107A7-7B23-4050-8E83-AFDA38624F86}.Debug|Any CPU.Build.0 = Debug|Any CPU
		{EFE107A7-7B23-4050-8E83-AFDA38624F86}.Debug|Mixed Platforms.ActiveCfg = Debug|Any CPU
		{EFE107A7-7B23-4050-8E83-AFDA38624F86}.Debug|Mixed Platforms.Build.0 = Debug|Any CPU
		{EFE107A7-7B23-4050-8E83-AFDA38624F86}.Debug|x86.ActiveCfg = Debug|Any CPU
		{EFE107A7-7B23-4050-8E83-AFDA38624F86}.Release|Any CPU.ActiveCfg = Release|Any CPU
		{EFE107A7-7B23-4050-8E83-AFDA38624F86}.Release|Any CPU.Build.0 = Release|Any CPU
		{EFE107A7-7B23-4050-8E83-AFDA38624F86}.Release|Mixed Platforms.ActiveCfg = Release|Any CPU
		{EFE107A7-7B23-4050-8E83-AFDA38624F86}.Release|Mixed Platforms.Build.0 = Release|Any CPU
		{EFE107A7-7B23-4050-8E83-AFDA38624F86}.Release|x86.ActiveCfg = Release|Any CPU
	EndGlobalSection
	GlobalSection(SolutionProperties) = preSolution
		HideSolutionNode = FALSE
	EndGlobalSection
EndGlobal
